
Microsoft Visual Studio Solution File, Format Version 12.00
# Visual Studio 15
VisualStudioVersion = 15.0.26730.16
MinimumVisualStudioVersion = 10.0.40219.1
Project("{F184B08F-C81C-45F6-A57F-5ABD9991F28F}") = "EABFastOrderLoaderTEST", "EABFastOrderLoaderTEST\EABFastOrderLoaderTEST.vbproj", "{1634951D-45D7-4BD9-89B9-B3E88317F254}"
EndProject
Global
	GlobalSection(SolutionConfigurationPlatforms) = preSolution
		Debug|Any CPU = Debug|Any CPU
		Release|Any CPU = Release|Any CPU
	EndGlobalSection
	GlobalSection(ProjectConfigurationPlatforms) = postSolution
		{1634951D-45D7-4BD9-89B9-B3E88317F254}.Debug|Any CPU.ActiveCfg = Debug|Any CPU
		{1634951D-45D7-4BD9-89B9-B3E88317F254}.Debug|Any CPU.Build.0 = Debug|Any CPU
		{1634951D-45D7-4BD9-89B9-B3E88317F254}.Release|Any CPU.ActiveCfg = Release|Any CPU
		{1634951D-45D7-4BD9-89B9-B3E88317F254}.Release|Any CPU.Build.0 = Release|Any CPU
	EndGlobalSection
	GlobalSection(SolutionProperties) = preSolution
		HideSolutionNode = FALSE
	EndGlobalSection
	GlobalSection(ExtensibilityGlobals) = postSolution
		SolutionGuid = {E12BFDC8-6D05-4E2C-8119-575A7C125B0A}
	EndGlobalSection
EndGlobal
