
Microsoft Visual Studio Solution File, Format Version 10.00
# Visual Studio 2008
Project("{D183A3D8-5FD8-494B-B014-37F57B35E655}") = "MAS Update Staging Tables", "Integration Services Project1\MAS Update Staging Tables.dtproj", "{B5603382-5782-4018-B50B-60049CA3B0A1}"
EndProject
Global
	GlobalSection(SolutionConfigurationPlatforms) = preSolution
		Development|Default = Development|Default
	EndGlobalSection
	GlobalSection(ProjectConfigurationPlatforms) = postSolution
		{B5603382-5782-4018-B50B-60049CA3B0A1}.Development|Default.ActiveCfg = Development
		{B5603382-5782-4018-B50B-60049CA3B0A1}.Development|Default.Build.0 = Development
	EndGlobalSection
	GlobalSection(SolutionProperties) = preSolution
		HideSolutionNode = FALSE
	EndGlobalSection
EndGlobal
