
Microsoft Visual Studio Solution File, Format Version 10.00
# Visual Studio 2008
Project("{D183A3D8-5FD8-494B-B014-37F57B35E655}") = "MAS_to_SLX_UpdateStockCardLastOrderInfo", "MAS_to_SLX_UpdateStockCardLastOrderInfo\MAS_to_SLX_UpdateStockCardLastOrderInfo.dtproj", "{ED0BC380-6F14-4ADE-8404-0A212A1DB61B}"
EndProject
Global
	GlobalSection(SolutionConfigurationPlatforms) = preSolution
		Development|Default = Development|Default
	EndGlobalSection
	GlobalSection(ProjectConfigurationPlatforms) = postSolution
		{ED0BC380-6F14-4ADE-8404-0A212A1DB61B}.Development|Default.ActiveCfg = Development
		{ED0BC380-6F14-4ADE-8404-0A212A1DB61B}.Development|Default.Build.0 = Development
	EndGlobalSection
	GlobalSection(SolutionProperties) = preSolution
		HideSolutionNode = FALSE
	EndGlobalSection
EndGlobal
