
Microsoft Visual Studio Solution File, Format Version 11.00
# Visual Studio 2010
Project("{F184B08F-C81C-45F6-A57F-5ABD9991F28F}") = "TAC_Sage500_SLX_ProductCatalogRefresh", "TAC_Sage500_SLX_ProductCatalogRefresh\TAC_Sage500_SLX_ProductCatalogRefresh.vbproj", "{AFCBBF0C-8B86-40EC-B8F1-0C15602FA4AE}"
EndProject
Global
	GlobalSection(SolutionConfigurationPlatforms) = preSolution
		Debug|x86 = Debug|x86
		Release|x86 = Release|x86
	EndGlobalSection
	GlobalSection(ProjectConfigurationPlatforms) = postSolution
		{AFCBBF0C-8B86-40EC-B8F1-0C15602FA4AE}.Debug|x86.ActiveCfg = Debug|x86
		{AFCBBF0C-8B86-40EC-B8F1-0C15602FA4AE}.Debug|x86.Build.0 = Debug|x86
		{AFCBBF0C-8B86-40EC-B8F1-0C15602FA4AE}.Release|x86.ActiveCfg = Release|x86
		{AFCBBF0C-8B86-40EC-B8F1-0C15602FA4AE}.Release|x86.Build.0 = Release|x86
	EndGlobalSection
	GlobalSection(SolutionProperties) = preSolution
		HideSolutionNode = FALSE
	EndGlobalSection
EndGlobal
