
Microsoft Visual Studio Solution File, Format Version 10.00
# Visual Studio 2008
Project("{D183A3D8-5FD8-494B-B014-37F57B35E655}") = "MAS_to_SLX_AccountRefresh", "MAS_to_SLX_AccountRefresh\MAS_to_SLX_AccountRefresh.dtproj", "{15AA5299-09EE-4E42-80F8-A78AFD79A46E}"
EndProject
Global
	GlobalSection(SolutionConfigurationPlatforms) = preSolution
		Development|Default = Development|Default
	EndGlobalSection
	GlobalSection(ProjectConfigurationPlatforms) = postSolution
		{15AA5299-09EE-4E42-80F8-A78AFD79A46E}.Development|Default.ActiveCfg = Development
		{15AA5299-09EE-4E42-80F8-A78AFD79A46E}.Development|Default.Build.0 = Development
	EndGlobalSection
	GlobalSection(SolutionProperties) = preSolution
		HideSolutionNode = FALSE
	EndGlobalSection
EndGlobal
